# SPDX-License-Identifier: Apache-2.0
# Converted from dts/bindings/clock/nordic,nrf-clock.yaml by migrate_binding.py.
%YAML 1.2
---
$id: http://devicetree.org/schemas/zephyr/clock/nordic,nrf-clock.yaml#
$schema: http://devicetree.org/meta-schemas/core.yaml#
title: Nordic nRF clock control node
maintainers:
- Zephyr Devicetree subsystem <devel@lists.zephyrproject.org>
properties:
  compatible:
    const: nordic,nrf-clock
  hfclkaudio-frequency:
    $ref: /schemas/types.yaml#/definitions/uint32
    description: |-
      Frequency of the HFCLKAUDIO clock in Hz. Adjustable with 3.3 ppm
      resolution in two frequency bands - 11.176 MHz to 11.402 MHz, and
      12.165 MHz to 12.411 MHz (refer to the relevant Product Specification).
      The HFCLKAUDIO clock is only available in the nRF53 Series SoCs.
  interrupts: true
  reg: true
required:
- compatible
- interrupts
- reg
additionalProperties: true
